// !$*UTF8*$!
{
	archiveVersion = 1;
	classes = {
	};
	objectVersion = 46;
	objects = {

/* Begin PBXBuildFile section */
		8EAD8DEB1E432F6F00BE69CD /* main.m in Sources */ = {isa = PBXBuildFile; fileRef = 8EAD8DEA1E432F6F00BE69CD /* main.m */; };
		8EAD8DEE1E432F6F00BE69CD /* AppDelegate.m in Sources */ = {isa = PBXBuildFile; fileRef = 8EAD8DED1E432F6F00BE69CD /* AppDelegate.m */; };
		8EAD8DF11E432F6F00BE69CD /* ViewController.m in Sources */ = {isa = PBXBuildFile; fileRef = 8EAD8DF01E432F6F00BE69CD /* ViewController.m */; };
		8EAD8DF41E432F6F00BE69CD /* Main.storyboard in Resources */ = {isa = PBXBuildFile; fileRef = 8EAD8DF21E432F6F00BE69CD /* Main.storyboard */; };
		8EAD8DF61E432F6F00BE69CD /* Assets.xcassets in Resources */ = {isa = PBXBuildFile; fileRef = 8EAD8DF51E432F6F00BE69CD /* Assets.xcassets */; };
		8EAD8DF91E432F6F00BE69CD /* LaunchScreen.storyboard in Resources */ = {isa = PBXBuildFile; fileRef = 8EAD8DF71E432F6F00BE69CD /* LaunchScreen.storyboard */; };
		8EAD8E031E4331CE00BE69CD /* SafariServices.framework in Frameworks */ = {isa = PBXBuildFile; fileRef = 8EAD8E011E43315000BE69CD /* SafariServices.framework */; };
/* End PBXBuildFile section */

/* Begin PBXFileReference section */
		8EAD8DE61E432F6F00BE69CD /* SFSafariViewDemo.app */ = {isa = PBXFileReference; explicitFileType = wrapper.application; includeInIndex = 0; path = SFSafariViewDemo.app; sourceTree = BUILT_PRODUCTS_DIR; };
		8EAD8DEA1E432F6F00BE69CD /* main.m */ = {isa = PBXFileReference; lastKnownFileType = sourcecode.c.objc; path = main.m; sourceTree = "<group>"; };
		8EAD8DEC1E432F6F00BE69CD /* AppDelegate.h */ = {isa = PBXFileReference; lastKnownFileType = sourcecode.c.h; path = AppDelegate.h; sourceTree = "<group>"; };
		8EAD8DED1E432F6F00BE69CD /* AppDelegate.m */ = {isa = PBXFileReference; lastKnownFileType = sourcecode.c.objc; path = AppDelegate.m; sourceTree = "<group>"; };
		8EAD8DEF1E432F6F00BE69CD /* ViewController.h */ = {isa = PBXFileReference; lastKnownFileType = sourcecode.c.h; path = ViewController.h; sourceTree = "<group>"; };
		8EAD8DF01E432F6F00BE69CD /* ViewController.m */ = {isa = PBXFileReference; lastKnownFileType = sourcecode.c.objc; path = ViewController.m; sourceTree = "<group>"; };
		8EAD8DF31E432F6F00BE69CD /* Base */ = {isa = PBXFileReference; lastKnownFileType = file.storyboard; name = Base; path = Base.lproj/Main.storyboard; sourceTree = "<group>"; };
		8EAD8DF51E432F6F00BE69CD /* Assets.xcassets */ = {isa = PBXFileReference; lastKnownFileType = folder.assetcatalog; path = Assets.xcassets; sourceTree = "<group>"; };
		8EAD8DF81E432F6F00BE69CD /* Base */ = {isa = PBXFileReference; lastKnownFileType = file.storyboard; name = Base; path = Base.lproj/LaunchScreen.storyboard; sourceTree = "<group>"; };
		8EAD8DFA1E432F6F00BE69CD /* Info.plist */ = {isa = PBXFileReference; lastKnownFileType = text.plist.xml; path = Info.plist; sourceTree = "<group>"; };
		8EAD8E011E43315000BE69CD /* SafariServices.framework */ = {isa = PBXFileReference; lastKnownFileType = wrapper.framework; name = SafariServices.framework; path = System/Library/Frameworks/SafariServices.framework; sourceTree = SDKROOT; };
/* End PBXFileReference section */

/* Begin PBXFrameworksBuildPhase section */
		8EAD8DE31E432F6F00BE69CD /* Frameworks */ = {
			isa = PBXFrameworksBuildPhase;
			buildActionMask = 2147483647;
			files = (
				8EAD8E031E4331CE00BE69CD /* SafariServices.framework in Frameworks */,
			);
			runOnlyForDeploymentPostprocessing = 0;
		};
/* End PBXFrameworksBuildPhase section */

/* Begin PBXGroup section */
		8EAD8DDD1E432F6F00BE69CD = {
			isa = PBXGroup;
			children = (
				8EAD8DE81E432F6F00BE69CD /* SFSafariViewDemo */,
				8EAD8DE71E432F6F00BE69CD /* Products */,
				8EAD8E001E43315000BE69CD /* Frameworks */,
			);
			sourceTree = "<group>";
		};
		8EAD8DE71E432F6F00BE69CD /* Products */ = {
			isa = PBXGroup;
			children = (
				8EAD8DE61E432F6F00BE69CD /* SFSafariViewDemo.app */,
			);
			name = Products;
			sourceTree = "<group>";
		};
		8EAD8DE81E432F6F00BE69CD /* SFSafariViewDemo */ = {
			isa = PBXGroup;
			children = (
				8EAD8DEC1E432F6F00BE69CD /* AppDelegate.h */,
				8EAD8DED1E432F6F00BE69CD /* AppDelegate.m */,
				8EAD8DEF1E432F6F00BE69CD /* ViewController.h */,
				8EAD8DF01E432F6F00BE69CD /* ViewController.m */,
				8EAD8DF21E432F6F00BE69CD /* Main.storyboard */,
				8EAD8DF51E432F6F00BE69CD /* Assets.xcassets */,
				8EAD8DF71E432F6F00BE69CD /* LaunchScreen.storyboard */,
				8EAD8DFA1E432F6F00BE69CD /* Info.plist */,
				8EAD8DE91E432F6F00BE69CD /* Supporting Files */,
			);
			path = SFSafariViewDemo;
			sourceTree = "<group>";
		};
		8EAD8DE91E432F6F00BE69CD /* Supporting Files */ = {
			isa = PBXGroup;
			children = (
				8EAD8DEA1E432F6F00BE69CD /* main.m */,
			);
			name = "Supporting Files";
			sourceTree = "<group>";
		};
		8EAD8E001E43315000BE69CD /* Frameworks */ = {
			isa = PBXGroup;
			children = (
				8EAD8E011E43315000BE69CD /* SafariServices.framework */,
			);
			name = Frameworks;
			sourceTree = "<group>";
		};
/* End PBXGroup section */

/* Begin PBXNativeTarget section */
		8EAD8DE51E432F6F00BE69CD /* SFSafariViewDemo */ = {
			isa = PBXNativeTarget;
			buildConfigurationList = 8EAD8DFD1E432F6F00BE69CD /* Build configuration list for PBXNativeTarget "SFSafariViewDemo" */;
			buildPhases = (
				8EAD8DE21E432F6F00BE69CD /* Sources */,
				8EAD8DE31E432F6F00BE69CD /* Frameworks */,
				8EAD8DE41E432F6F00BE69CD /* Resources */,
			);
			buildRules = (
			);
			dependencies = (
			);
			name = SFSafariViewDemo;
			productName = SFSafariViewDemo;
			productReference = 8EAD8DE61E432F6F00BE69CD /* SFSafariViewDemo.app */;
			productType = "com.apple.product-type.application";
		};
/* End PBXNativeTarget section */

/* Begin PBXProject section */
		8EAD8DDE1E432F6F00BE69CD /* Project object */ = {
			isa = PBXProject;
			attributes = {
				LastUpgradeCheck = 1230;
				ORGANIZATIONNAME = "Prakash Maharjan";
				TargetAttributes = {
					8EAD8DE51E432F6F00BE69CD = {
						CreatedOnToolsVersion = 8.2.1;
						ProvisioningStyle = Manual;
					};
				};
			};
			buildConfigurationList = 8EAD8DE11E432F6F00BE69CD /* Build configuration list for PBXProject "SFSafariViewDemo" */;
			compatibilityVersion = "Xcode 3.2";
			developmentRegion = en;
			hasScannedForEncodings = 0;
			knownRegions = (
				en,
				Base,
			);
			mainGroup = 8EAD8DDD1E432F6F00BE69CD;
			productRefGroup = 8EAD8DE71E432F6F00BE69CD /* Products */;
			projectDirPath = "";
			projectRoot = "";
			targets = (
				8EAD8DE51E432F6F00BE69CD /* SFSafariViewDemo */,
			);
		};
/* End PBXProject section */

/* Begin PBXResourcesBuildPhase section */
		8EAD8DE41E432F6F00BE69CD /* Resources */ = {
			isa = PBXResourcesBuildPhase;
			buildActionMask = 2147483647;
			files = (
				8EAD8DF91E432F6F00BE69CD /* LaunchScreen.storyboard in Resources */,
				8EAD8DF61E432F6F00BE69CD /* Assets.xcassets in Resources */,
				8EAD8DF41E432F6F00BE69CD /* Main.storyboard in Resources */,
			);
			runOnlyForDeploymentPostprocessing = 0;
		};
/* End PBXResourcesBuildPhase section */

/* Begin PBXSourcesBuildPhase section */
		8EAD8DE21E432F6F00BE69CD /* Sources */ = {
			isa = PBXSourcesBuildPhase;
			buildActionMask = 2147483647;
			files = (
				8EAD8DF11E432F6F00BE69CD /* ViewController.m in Sources */,
				8EAD8DEE1E432F6F00BE69CD /* AppDelegate.m in Sources */,
				8EAD8DEB1E432F6F00BE69CD /* main.m in Sources */,
			);
			runOnlyForDeploymentPostprocessing = 0;
		};
/* End PBXSourcesBuildPhase section */

/* Begin PBXVariantGroup section */
		8EAD8DF21E432F6F00BE69CD /* Main.storyboard */ = {
			isa = PBXVariantGroup;
			children = (
				8EAD8DF31E432F6F00BE69CD /* Base */,
			);
			name = Main.storyboard;
			sourceTree = "<group>";
		};
		8EAD8DF71E432F6F00BE69CD /* LaunchScreen.storyboard */ = {
			isa = PBXVariantGroup;
			children = (
				8EAD8DF81E432F6F00BE69CD /* Base */,
			);
			name = LaunchScreen.storyboard;
			sourceTree = "<group>";
		};
/* End PBXVariantGroup section */

/* Begin XCBuildConfiguration section */
		8EAD8DFB1E432F6F00BE69CD /* Debug */ = {
			isa = XCBuildConfiguration;
			buildSettings = {
				ALWAYS_SEARCH_USER_PATHS = NO;
				CLANG_ANALYZER_LOCALIZABILITY_NONLOCALIZED = YES;
				CLANG_ANALYZER_NONNULL = YES;
				CLANG_CXX_LANGUAGE_STANDARD = "gnu++0x";
				CLANG_CXX_LIBRARY = "libc++";
				CLANG_ENABLE_MODULES = YES;
				CLANG_ENABLE_OBJC_ARC = YES;
				CLANG_WARN_BLOCK_CAPTURE_AUTORELEASING = YES;
				CLANG_WARN_BOOL_CONVERSION = YES;
				CLANG_WARN_COMMA = YES;
				CLANG_WARN_CONSTANT_CONVERSION = YES;
				CLANG_WARN_DEPRECATED_OBJC_IMPLEMENTATIONS = YES;
				CLANG_WARN_DIRECT_OBJC_ISA_USAGE = YES_ERROR;
				CLANG_WARN_DOCUMENTATION_COMMENTS = YES;
				CLANG_WARN_EMPTY_BODY = YES;
				CLANG_WARN_ENUM_CONVERSION = YES;
				CLANG_WARN_INFINITE_RECURSION = YES;
				CLANG_WARN_INT_CONVERSION = YES;
				CLANG_WARN_NON_LITERAL_NULL_CONVERSION = YES;
				CLANG_WARN_OBJC_IMPLICIT_RETAIN_SELF = YES;
				CLANG_WARN_OBJC_LITERAL_CONVERSION = YES;
				CLANG_WARN_OBJC_ROOT_CLASS = YES_ERROR;
				CLANG_WARN_QUOTED_INCLUDE_IN_FRAMEWORK_HEADER = YES;
				CLANG_WARN_RANGE_LOOP_ANALYSIS = YES;
				CLANG_WARN_STRICT_PROTOTYPES = YES;
				CLANG_WARN_SUSPICIOUS_MOVE = YES;
				CLANG_WARN_UNREACHABLE_CODE = YES;
				CLANG_WARN__DUPLICATE_METHOD_MATCH = YES;
				"CODE_SIGN_IDENTITY[sdk=iphoneos*]" = "iPhone Developer";
				COPY_PHASE_STRIP = NO;
				DEBUG_INFORMATION_FORMAT = dwarf;
				ENABLE_STRICT_OBJC_MSGSEND = YES;
				ENABLE_TESTABILITY = YES;
				GCC_C_LANGUAGE_STANDARD = gnu99;
				GCC_DYNAMIC_NO_PIC = NO;
				GCC_NO_COMMON_BLOCKS = YES;
				GCC_OPTIMIZATION_LEVEL = 0;
				GCC_PREPROCESSOR_DEFINITIONS = (
					"DEBUG=1",
					"$(inherited)",
				);
				GCC_WARN_64_TO_32_BIT_CONVERSION = YES;
				GCC_WARN_ABOUT_RETURN_TYPE = YES_ERROR;
				GCC_WARN_UNDECLARED_SELECTOR = YES;
				GCC_WARN_UNINITIALIZED_AUTOS = YES_AGGRESSIVE;
				GCC_WARN_UNUSED_FUNCTION = YES;
				GCC_WARN_UNUSED_VARIABLE = YES;
				IPHONEOS_DEPLOYMENT_TARGET = 12.0;
				MTL_ENABLE_DEBUG_INFO = YES;
				ONLY_ACTIVE_ARCH = YES;
				SDKROOT = iphoneos;
				TARGETED_DEVICE_FAMILY = "1,2";
			};
			name = Debug;
		};
		8EAD8DFC1E432F6F00BE69CD /* Release */ = {
			isa = XCBuildConfiguration;
			buildSettings = {
				ALWAYS_SEARCH_USER_PATHS = NO;
				CLANG_ANALYZER_LOCALIZABILITY_NONLOCALIZED = YES;
				CLANG_ANALYZER_NONNULL = YES;
				CLANG_CXX_LANGUAGE_STANDARD = "gnu++0x";
				CLANG_CXX_LIBRARY = "libc++";
				CLANG_ENABLE_MODULES = YES;
				CLANG_ENABLE_OBJC_ARC = YES;
				CLANG_WARN_BLOCK_CAPTURE_AUTORELEASING = YES;
				CLANG_WARN_BOOL_CONVERSION = YES;
				CLANG_WARN_COMMA = YES;
				CLANG_WARN_CONSTANT_CONVERSION = YES;
				CLANG_WARN_DEPRECATED_OBJC_IMPLEMENTATIONS = YES;
				CLANG_WARN_DIRECT_OBJC_ISA_USAGE = YES_ERROR;
				CLANG_WARN_DOCUMENTATION_COMMENTS = YES;
				CLANG_WARN_EMPTY_BODY = YES;
				CLANG_WARN_ENUM_CONVERSION = YES;
				CLANG_WARN_INFINITE_RECURSION = YES;
				CLANG_WARN_INT_CONVERSION = YES;
				CLANG_WARN_NON_LITERAL_NULL_CONVERSION = YES;
				CLANG_WARN_OBJC_IMPLICIT_RETAIN_SELF = YES;
				CLANG_WARN_OBJC_LITERAL_CONVERSION = YES;
				CLANG_WARN_OBJC_ROOT_CLASS = YES_ERROR;
				CLANG_WARN_QUOTED_INCLUDE_IN_FRAMEWORK_HEADER = YES;
				CLANG_WARN_RANGE_LOOP_ANALYSIS = YES;
				CLANG_WARN_STRICT_PROTOTYPES = YES;
				CLANG_WARN_SUSPICIOUS_MOVE = YES;
				CLANG_WARN_UNREACHABLE_CODE = YES;
				CLANG_WARN__DUPLICATE_METHOD_MATCH = YES;
				"CODE_SIGN_IDENTITY[sdk=iphoneos*]" = "iPhone Developer";
				COPY_PHASE_STRIP = NO;
				DEBUG_INFORMATION_FORMAT = "dwarf-with-dsym";
				ENABLE_NS_ASSERTIONS = NO;
				ENABLE_STRICT_OBJC_MSGSEND = YES;
				GCC_C_LANGUAGE_STANDARD = gnu99;
				GCC_NO_COMMON_BLOCKS = YES;
				GCC_WARN_64_TO_32_BIT_CONVERSION = YES;
				GCC_WARN_ABOUT_RETURN_TYPE = YES_ERROR;
				GCC_WARN_UNDECLARED_SELECTOR = YES;
				GCC_WARN_UNINITIALIZED_AUTOS = YES_AGGRESSIVE;
				GCC_WARN_UNUSED_FUNCTION = YES;
				GCC_WARN_UNUSED_VARIABLE = YES;
				IPHONEOS_DEPLOYMENT_TARGET = 12.0;
				MTL_ENABLE_DEBUG_INFO = NO;
				SDKROOT = iphoneos;
				TARGETED_DEVICE_FAMILY = "1,2";
				VALIDATE_PRODUCT = YES;
			};
			name = Release;
		};
		8EAD8DFE1E432F6F00BE69CD /* Debug */ = {
			isa = XCBuildConfiguration;
			buildSettings = {
				ASSETCATALOG_COMPILER_APPICON_NAME = AppIcon;
				DEVELOPMENT_TEAM = "";
				INFOPLIST_FILE = SFSafariViewDemo/Info.plist;
				IPHONEOS_DEPLOYMENT_TARGET = 12.0;
				LD_RUNPATH_SEARCH_PATHS = "$(inherited) @executable_path/Frameworks";
				PRODUCT_BUNDLE_IDENTIFIER = com.prakashmaharjan.SFSafariViewDemo;
				PRODUCT_NAME = "$(TARGET_NAME)";
			};
			name = Debug;
		};
		8EAD8DFF1E432F6F00BE69CD /* Release */ = {
			isa = XCBuildConfiguration;
			buildSettings = {
				ASSETCATALOG_COMPILER_APPICON_NAME = AppIcon;
				DEVELOPMENT_TEAM = "";
				INFOPLIST_FILE = SFSafariViewDemo/Info.plist;
				IPHONEOS_DEPLOYMENT_TARGET = 12.0;
				LD_RUNPATH_SEARCH_PATHS = "$(inherited) @executable_path/Frameworks";
				PRODUCT_BUNDLE_IDENTIFIER = com.prakashmaharjan.SFSafariViewDemo;
				PRODUCT_NAME = "$(TARGET_NAME)";
			};
			name = Release;
		};
/* End XCBuildConfiguration section */

/* Begin XCConfigurationList section */
		8EAD8DE11E432F6F00BE69CD /* Build configuration list for PBXProject "SFSafariViewDemo" */ = {
			isa = XCConfigurationList;
			buildConfigurations = (
				8EAD8DFB1E432F6F00BE69CD /* Debug */,
				8EAD8DFC1E432F6F00BE69CD /* Release */,
			);
			defaultConfigurationIsVisible = 0;
			defaultConfigurationName = Release;
		};
		8EAD8DFD1E432F6F00BE69CD /* Build configuration list for PBXNativeTarget "SFSafariViewDemo" */ = {
			isa = XCConfigurationList;
			buildConfigurations = (
				8EAD8DFE1E432F6F00BE69CD /* Debug */,
				8EAD8DFF1E432F6F00BE69CD /* Release */,
			);
			defaultConfigurationIsVisible = 0;
			defaultConfigurationName = Release;
		};
/* End XCConfigurationList section */
	};
	rootObject = 8EAD8DDE1E432F6F00BE69CD /* Project object */;
}
